
Microsoft Visual Studio Solution File, Format Version 12.00
# Visual Studio 14
VisualStudioVersion = 14.0.23107.0
MinimumVisualStudioVersion = 10.0.40219.1
Project("{FAE04EC0-301F-11D3-BF4B-00C04F79EFBC}") = "AmazeDemo", "AmazeDemo\AmazeDemo.csproj", "{268CAA22-385B-4008-AC76-83647E9382FF}"
EndProject
Global
	GlobalSection(SolutionConfigurationPlatforms) = preSolution
		Debug|Any CPU = Debug|Any CPU
		Release|Any CPU = Release|Any CPU
	EndGlobalSection
	GlobalSection(ProjectConfigurationPlatforms) = postSolution
		{268CAA22-385B-4008-AC76-83647E9382FF}.Debug|Any CPU.ActiveCfg = Debug|Any CPU
		{268CAA22-385B-4008-AC76-83647E9382FF}.Debug|Any CPU.Build.0 = Debug|Any CPU
		{268CAA22-385B-4008-AC76-83647E9382FF}.Release|Any CPU.ActiveCfg = Release|Any CPU
		{268CAA22-385B-4008-AC76-83647E9382FF}.Release|Any CPU.Build.0 = Release|Any CPU
	EndGlobalSection
	GlobalSection(SolutionProperties) = preSolution
		HideSolutionNode = FALSE
	EndGlobalSection
EndGlobal
